
Microsoft Visual Studio Solution File, Format Version 12.00
# Visual Studio Version 17
VisualStudioVersion = 17.9.34622.214
MinimumVisualStudioVersion = 10.0.40219.1
Project("{FAE04EC0-301F-11D3-BF4B-00C04F79EFBC}") = "SIMEPCI-Web", "SIMEPCI-Web\SIMEPCI-Web.csproj", "{708CBD79-9007-44E2-9AFD-F4C8BB6FE4EB}"
EndProject
Global
	GlobalSection(SolutionConfigurationPlatforms) = preSolution
		Debug|Any CPU = Debug|Any CPU
		Release|Any CPU = Release|Any CPU
	EndGlobalSection
	GlobalSection(ProjectConfigurationPlatforms) = postSolution
		{708CBD79-9007-44E2-9AFD-F4C8BB6FE4EB}.Debug|Any CPU.ActiveCfg = Debug|Any CPU
		{708CBD79-9007-44E2-9AFD-F4C8BB6FE4EB}.Debug|Any CPU.Build.0 = Debug|Any CPU
		{708CBD79-9007-44E2-9AFD-F4C8BB6FE4EB}.Release|Any CPU.ActiveCfg = Release|Any CPU
		{708CBD79-9007-44E2-9AFD-F4C8BB6FE4EB}.Release|Any CPU.Build.0 = Release|Any CPU
	EndGlobalSection
	GlobalSection(SolutionProperties) = preSolution
		HideSolutionNode = FALSE
	EndGlobalSection
	GlobalSection(ExtensibilityGlobals) = postSolution
		SolutionGuid = {11B06E9A-EF76-4BEF-AF0E-9DBC2A2E718E}
	EndGlobalSection
EndGlobal
